// !$*UTF8*$!
{
	archiveVersion = 1;
	classes = {
	};
	objectVersion = 46;
	objects = {

/* Begin PBXBuildFile section */
		5F1874DE1F9495F4001C8BFD /* main.swift in Sources */ = {isa = PBXBuildFile; fileRef = 5F1874DD1F9495F4001C8BFD /* main.swift */; };
		5F1874E71F949623001C8BFD /* Hash.swift in Sources */ = {isa = PBXBuildFile; fileRef = 5F1874E41F949623001C8BFD /* Hash.swift */; };
		5F1874E81F949623001C8BFD /* Tree.swift in Sources */ = {isa = PBXBuildFile; fileRef = 5F1874E51F949623001C8BFD /* Tree.swift */; };
		5F1874E91F949623001C8BFD /* TreeNode.swift in Sources */ = {isa = PBXBuildFile; fileRef = 5F1874E61F949623001C8BFD /* TreeNode.swift */; };
		5F1874EC1F949E08001C8BFD /* ListNode.swift in Sources */ = {isa = PBXBuildFile; fileRef = 5F1874EB1F949E08001C8BFD /* ListNode.swift */; };
		5F1874EF1F94A418001C8BFD /* LinkedList.swift in Sources */ = {isa = PBXBuildFile; fileRef = 5F1874EE1F94A418001C8BFD /* LinkedList.swift */; };
/* End PBXBuildFile section */

/* Begin PBXCopyFilesBuildPhase section */
		5F1874D81F9495F4001C8BFD /* CopyFiles */ = {
			isa = PBXCopyFilesBuildPhase;
			buildActionMask = 2147483647;
			dstPath = /usr/share/man/man1/;
			dstSubfolderSpec = 0;
			files = (
			);
			runOnlyForDeploymentPostprocessing = 1;
		};
/* End PBXCopyFilesBuildPhase section */

/* Begin PBXFileReference section */
		5F1874DA1F9495F4001C8BFD /* ALG */ = {isa = PBXFileReference; explicitFileType = "compiled.mach-o.executable"; includeInIndex = 0; path = ALG; sourceTree = BUILT_PRODUCTS_DIR; };
		5F1874DD1F9495F4001C8BFD /* main.swift */ = {isa = PBXFileReference; lastKnownFileType = sourcecode.swift; path = main.swift; sourceTree = "<group>"; };
		5F1874E41F949623001C8BFD /* Hash.swift */ = {isa = PBXFileReference; fileEncoding = 4; lastKnownFileType = sourcecode.swift; path = Hash.swift; sourceTree = "<group>"; };
		5F1874E51F949623001C8BFD /* Tree.swift */ = {isa = PBXFileReference; fileEncoding = 4; lastKnownFileType = sourcecode.swift; path = Tree.swift; sourceTree = "<group>"; };
		5F1874E61F949623001C8BFD /* TreeNode.swift */ = {isa = PBXFileReference; fileEncoding = 4; lastKnownFileType = sourcecode.swift; path = TreeNode.swift; sourceTree = "<group>"; };
		5F1874EB1F949E08001C8BFD /* ListNode.swift */ = {isa = PBXFileReference; fileEncoding = 4; lastKnownFileType = sourcecode.swift; path = ListNode.swift; sourceTree = "<group>"; };
		5F1874EE1F94A418001C8BFD /* LinkedList.swift */ = {isa = PBXFileReference; fileEncoding = 4; lastKnownFileType = sourcecode.swift; name = LinkedList.swift; path = ../LinkedList.swift; sourceTree = "<group>"; };
/* End PBXFileReference section */

/* Begin PBXFrameworksBuildPhase section */
		5F1874D71F9495F4001C8BFD /* Frameworks */ = {
			isa = PBXFrameworksBuildPhase;
			buildActionMask = 2147483647;
			files = (
			);
			runOnlyForDeploymentPostprocessing = 0;
		};
/* End PBXFrameworksBuildPhase section */

/* Begin PBXGroup section */
		5F1874D11F9495F4001C8BFD = {
			isa = PBXGroup;
			children = (
				5F1874DC1F9495F4001C8BFD /* ALG */,
				5F1874ED1F94A407001C8BFD /* LinkedList */,
				5F1874DB1F9495F4001C8BFD /* Products */,
			);
			sourceTree = "<group>";
		};
		5F1874DB1F9495F4001C8BFD /* Products */ = {
			isa = PBXGroup;
			children = (
				5F1874DA1F9495F4001C8BFD /* ALG */,
			);
			name = Products;
			sourceTree = "<group>";
		};
		5F1874DC1F9495F4001C8BFD /* ALG */ = {
			isa = PBXGroup;
			children = (
				5F1874E41F949623001C8BFD /* Hash.swift */,
				5F1874DD1F9495F4001C8BFD /* main.swift */,
				5F1874EA1F949628001C8BFD /* Tree */,
			);
			path = ALG;
			sourceTree = "<group>";
		};
		5F1874EA1F949628001C8BFD /* Tree */ = {
			isa = PBXGroup;
			children = (
				5F1874E61F949623001C8BFD /* TreeNode.swift */,
				5F1874E51F949623001C8BFD /* Tree.swift */,
			);
			name = Tree;
			sourceTree = "<group>";
		};
		5F1874ED1F94A407001C8BFD /* LinkedList */ = {
			isa = PBXGroup;
			children = (
				5F1874EB1F949E08001C8BFD /* ListNode.swift */,
				5F1874EE1F94A418001C8BFD /* LinkedList.swift */,
			);
			name = LinkedList;
			path = ALG;
			sourceTree = "<group>";
		};
/* End PBXGroup section */

/* Begin PBXNativeTarget section */
		5F1874D91F9495F4001C8BFD /* ALG */ = {
			isa = PBXNativeTarget;
			buildConfigurationList = 5F1874E11F9495F4001C8BFD /* Build configuration list for PBXNativeTarget "ALG" */;
			buildPhases = (
				5F1874D61F9495F4001C8BFD /* Sources */,
				5F1874D71F9495F4001C8BFD /* Frameworks */,
				5F1874D81F9495F4001C8BFD /* CopyFiles */,
			);
			buildRules = (
			);
			dependencies = (
			);
			name = ALG;
			productName = ALG;
			productReference = 5F1874DA1F9495F4001C8BFD /* ALG */;
			productType = "com.apple.product-type.tool";
		};
/* End PBXNativeTarget section */

/* Begin PBXProject section */
		5F1874D21F9495F4001C8BFD /* Project object */ = {
			isa = PBXProject;
			attributes = {
				LastSwiftUpdateCheck = 0830;
				LastUpgradeCheck = 0830;
				ORGANIZATIONNAME = feizhang;
				TargetAttributes = {
					5F1874D91F9495F4001C8BFD = {
						CreatedOnToolsVersion = 8.3.3;
						ProvisioningStyle = Automatic;
					};
				};
			};
			buildConfigurationList = 5F1874D51F9495F4001C8BFD /* Build configuration list for PBXProject "ALG" */;
			compatibilityVersion = "Xcode 3.2";
			developmentRegion = English;
			hasScannedForEncodings = 0;
			knownRegions = (
				en,
			);
			mainGroup = 5F1874D11F9495F4001C8BFD;
			productRefGroup = 5F1874DB1F9495F4001C8BFD /* Products */;
			projectDirPath = "";
			projectRoot = "";
			targets = (
				5F1874D91F9495F4001C8BFD /* ALG */,
			);
		};
/* End PBXProject section */

/* Begin PBXSourcesBuildPhase section */
		5F1874D61F9495F4001C8BFD /* Sources */ = {
			isa = PBXSourcesBuildPhase;
			buildActionMask = 2147483647;
			files = (
				5F1874EF1F94A418001C8BFD /* LinkedList.swift in Sources */,
				5F1874E81F949623001C8BFD /* Tree.swift in Sources */,
				5F1874EC1F949E08001C8BFD /* ListNode.swift in Sources */,
				5F1874DE1F9495F4001C8BFD /* main.swift in Sources */,
				5F1874E71F949623001C8BFD /* Hash.swift in Sources */,
				5F1874E91F949623001C8BFD /* TreeNode.swift in Sources */,
			);
			runOnlyForDeploymentPostprocessing = 0;
		};
/* End PBXSourcesBuildPhase section */

/* Begin XCBuildConfiguration section */
		5F1874DF1F9495F4001C8BFD /* Debug */ = {
			isa = XCBuildConfiguration;
			buildSettings = {
				ALWAYS_SEARCH_USER_PATHS = NO;
				CLANG_ANALYZER_NONNULL = YES;
				CLANG_ANALYZER_NUMBER_OBJECT_CONVERSION = YES_AGGRESSIVE;
				CLANG_CXX_LANGUAGE_STANDARD = "gnu++0x";
				CLANG_CXX_LIBRARY = "libc++";
				CLANG_ENABLE_MODULES = YES;
				CLANG_ENABLE_OBJC_ARC = YES;
				CLANG_WARN_BOOL_CONVERSION = YES;
				CLANG_WARN_CONSTANT_CONVERSION = YES;
				CLANG_WARN_DIRECT_OBJC_ISA_USAGE = YES_ERROR;
				CLANG_WARN_DOCUMENTATION_COMMENTS = YES;
				CLANG_WARN_EMPTY_BODY = YES;
				CLANG_WARN_ENUM_CONVERSION = YES;
				CLANG_WARN_INFINITE_RECURSION = YES;
				CLANG_WARN_INT_CONVERSION = YES;
				CLANG_WARN_OBJC_ROOT_CLASS = YES_ERROR;
				CLANG_WARN_SUSPICIOUS_MOVE = YES;
				CLANG_WARN_UNREACHABLE_CODE = YES;
				CLANG_WARN__DUPLICATE_METHOD_MATCH = YES;
				CODE_SIGN_IDENTITY = "-";
				COPY_PHASE_STRIP = NO;
				DEBUG_INFORMATION_FORMAT = dwarf;
				ENABLE_STRICT_OBJC_MSGSEND = YES;
				ENABLE_TESTABILITY = YES;
				GCC_C_LANGUAGE_STANDARD = gnu99;
				GCC_DYNAMIC_NO_PIC = NO;
				GCC_NO_COMMON_BLOCKS = YES;
				GCC_OPTIMIZATION_LEVEL = 0;
				GCC_PREPROCESSOR_DEFINITIONS = (
					"DEBUG=1",
					"$(inherited)",
				);
				GCC_WARN_64_TO_32_BIT_CONVERSION = YES;
				GCC_WARN_ABOUT_RETURN_TYPE = YES_ERROR;
				GCC_WARN_UNDECLARED_SELECTOR = YES;
				GCC_WARN_UNINITIALIZED_AUTOS = YES_AGGRESSIVE;
				GCC_WARN_UNUSED_FUNCTION = YES;
				GCC_WARN_UNUSED_VARIABLE = YES;
				MACOSX_DEPLOYMENT_TARGET = 10.12;
				MTL_ENABLE_DEBUG_INFO = YES;
				ONLY_ACTIVE_ARCH = YES;
				SDKROOT = macosx;
				SWIFT_OPTIMIZATION_LEVEL = "-Onone";
			};
			name = Debug;
		};
		5F1874E01F9495F4001C8BFD /* Release */ = {
			isa = XCBuildConfiguration;
			buildSettings = {
				ALWAYS_SEARCH_USER_PATHS = NO;
				CLANG_ANALYZER_NONNULL = YES;
				CLANG_ANALYZER_NUMBER_OBJECT_CONVERSION = YES_AGGRESSIVE;
				CLANG_CXX_LANGUAGE_STANDARD = "gnu++0x";
				CLANG_CXX_LIBRARY = "libc++";
				CLANG_ENABLE_MODULES = YES;
				CLANG_ENABLE_OBJC_ARC = YES;
				CLANG_WARN_BOOL_CONVERSION = YES;
				CLANG_WARN_CONSTANT_CONVERSION = YES;
				CLANG_WARN_DIRECT_OBJC_ISA_USAGE = YES_ERROR;
				CLANG_WARN_DOCUMENTATION_COMMENTS = YES;
				CLANG_WARN_EMPTY_BODY = YES;
				CLANG_WARN_ENUM_CONVERSION = YES;
				CLANG_WARN_INFINITE_RECURSION = YES;
				CLANG_WARN_INT_CONVERSION = YES;
				CLANG_WARN_OBJC_ROOT_CLASS = YES_ERROR;
				CLANG_WARN_SUSPICIOUS_MOVE = YES;
				CLANG_WARN_UNREACHABLE_CODE = YES;
				CLANG_WARN__DUPLICATE_METHOD_MATCH = YES;
				CODE_SIGN_IDENTITY = "-";
				COPY_PHASE_STRIP = NO;
				DEBUG_INFORMATION_FORMAT = "dwarf-with-dsym";
				ENABLE_NS_ASSERTIONS = NO;
				ENABLE_STRICT_OBJC_MSGSEND = YES;
				GCC_C_LANGUAGE_STANDARD = gnu99;
				GCC_NO_COMMON_BLOCKS = YES;
				GCC_WARN_64_TO_32_BIT_CONVERSION = YES;
				GCC_WARN_ABOUT_RETURN_TYPE = YES_ERROR;
				GCC_WARN_UNDECLARED_SELECTOR = YES;
				GCC_WARN_UNINITIALIZED_AUTOS = YES_AGGRESSIVE;
				GCC_WARN_UNUSED_FUNCTION = YES;
				GCC_WARN_UNUSED_VARIABLE = YES;
				MACOSX_DEPLOYMENT_TARGET = 10.12;
				MTL_ENABLE_DEBUG_INFO = NO;
				SDKROOT = macosx;
			};
			name = Release;
		};
		5F1874E21F9495F4001C8BFD /* Debug */ = {
			isa = XCBuildConfiguration;
			buildSettings = {
				PRODUCT_NAME = "$(TARGET_NAME)";
				SWIFT_VERSION = 3.0;
			};
			name = Debug;
		};
		5F1874E31F9495F4001C8BFD /* Release */ = {
			isa = XCBuildConfiguration;
			buildSettings = {
				PRODUCT_NAME = "$(TARGET_NAME)";
				SWIFT_VERSION = 3.0;
			};
			name = Release;
		};
/* End XCBuildConfiguration section */

/* Begin XCConfigurationList section */
		5F1874D51F9495F4001C8BFD /* Build configuration list for PBXProject "ALG" */ = {
			isa = XCConfigurationList;
			buildConfigurations = (
				5F1874DF1F9495F4001C8BFD /* Debug */,
				5F1874E01F9495F4001C8BFD /* Release */,
			);
			defaultConfigurationIsVisible = 0;
			defaultConfigurationName = Release;
		};
		5F1874E11F9495F4001C8BFD /* Build configuration list for PBXNativeTarget "ALG" */ = {
			isa = XCConfigurationList;
			buildConfigurations = (
				5F1874E21F9495F4001C8BFD /* Debug */,
				5F1874E31F9495F4001C8BFD /* Release */,
			);
			defaultConfigurationIsVisible = 0;
		};
/* End XCConfigurationList section */
	};
	rootObject = 5F1874D21F9495F4001C8BFD /* Project object */;
}
